
Microsoft Visual Studio Solution File, Format Version 12.00
# Visual Studio 2012
Project("{FAE04EC0-301F-11D3-BF4B-00C04F79EFBC}") = "Server", "Server\Server.csproj", "{C9078055-2AED-46FC-99B9-8F72726702C3}"
EndProject
Project("{FAE04EC0-301F-11D3-BF4B-00C04F79EFBC}") = "Library", "Library\Library.csproj", "{B783B96B-46F0-4788-B793-243BB0291812}"
EndProject
Project("{FAE04EC0-301F-11D3-BF4B-00C04F79EFBC}") = "Client", "Client\Client.csproj", "{3DEB11BB-AE8E-49B3-B022-05741A5C1711}"
EndProject
Global
	GlobalSection(SolutionConfigurationPlatforms) = preSolution
		Debug|Any CPU = Debug|Any CPU
		Release|Any CPU = Release|Any CPU
	EndGlobalSection
	GlobalSection(ProjectConfigurationPlatforms) = postSolution
		{3DEB11BB-AE8E-49B3-B022-05741A5C1711}.Debug|Any CPU.ActiveCfg = Debug|Any CPU
		{3DEB11BB-AE8E-49B3-B022-05741A5C1711}.Debug|Any CPU.Build.0 = Debug|Any CPU
		{3DEB11BB-AE8E-49B3-B022-05741A5C1711}.Release|Any CPU.ActiveCfg = Release|Any CPU
		{3DEB11BB-AE8E-49B3-B022-05741A5C1711}.Release|Any CPU.Build.0 = Release|Any CPU
		{B783B96B-46F0-4788-B793-243BB0291812}.Debug|Any CPU.ActiveCfg = Debug|Any CPU
		{B783B96B-46F0-4788-B793-243BB0291812}.Debug|Any CPU.Build.0 = Debug|Any CPU
		{B783B96B-46F0-4788-B793-243BB0291812}.Release|Any CPU.ActiveCfg = Release|Any CPU
		{B783B96B-46F0-4788-B793-243BB0291812}.Release|Any CPU.Build.0 = Release|Any CPU
		{C9078055-2AED-46FC-99B9-8F72726702C3}.Debug|Any CPU.ActiveCfg = Debug|Any CPU
		{C9078055-2AED-46FC-99B9-8F72726702C3}.Debug|Any CPU.Build.0 = Debug|Any CPU
		{C9078055-2AED-46FC-99B9-8F72726702C3}.Release|Any CPU.ActiveCfg = Release|Any CPU
		{C9078055-2AED-46FC-99B9-8F72726702C3}.Release|Any CPU.Build.0 = Release|Any CPU
	EndGlobalSection
	GlobalSection(SolutionProperties) = preSolution
		HideSolutionNode = FALSE
	EndGlobalSection
EndGlobal
